
Microsoft Visual Studio Solution File, Format Version 12.00
# Visual Studio 15
VisualStudioVersion = 15.0.27130.2027
MinimumVisualStudioVersion = 10.0.40219.1
Project("{FAE04EC0-301F-11D3-BF4B-00C04F79EFBC}") = "999", "999.csproj", "{5330FFEB-A426-4635-B7D7-294EBF781241}"
EndProject
Global
	GlobalSection(SolutionConfigurationPlatforms) = preSolution
		Debug|Any CPU = Debug|Any CPU
		Release|Any CPU = Release|Any CPU
	EndGlobalSection
	GlobalSection(ProjectConfigurationPlatforms) = postSolution
		{5330FFEB-A426-4635-B7D7-294EBF781241}.Debug|Any CPU.ActiveCfg = Debug|Any CPU
		{5330FFEB-A426-4635-B7D7-294EBF781241}.Debug|Any CPU.Build.0 = Debug|Any CPU
		{5330FFEB-A426-4635-B7D7-294EBF781241}.Release|Any CPU.ActiveCfg = Release|Any CPU
		{5330FFEB-A426-4635-B7D7-294EBF781241}.Release|Any CPU.Build.0 = Release|Any CPU
	EndGlobalSection
	GlobalSection(SolutionProperties) = preSolution
		HideSolutionNode = FALSE
	EndGlobalSection
	GlobalSection(ExtensibilityGlobals) = postSolution
		SolutionGuid = {2EE582AB-7619-4961-B4E4-D25D646E7912}
	EndGlobalSection
EndGlobal
